
Microsoft Visual Studio Solution File, Format Version 12.00
# Visual Studio Version 17
VisualStudioVersion = 17.8.34330.188
MinimumVisualStudioVersion = 10.0.40219.1
Project("{FAE04EC0-301F-11D3-BF4B-00C04F79EFBC}") = "APIDemo", "APIDemo\APIDemo.csproj", "{981E4A2A-124E-425C-81E6-6407D48834AD}"
EndProject
Global
	GlobalSection(SolutionConfigurationPlatforms) = preSolution
		Debug|Any CPU = Debug|Any CPU
		Release|Any CPU = Release|Any CPU
	EndGlobalSection
	GlobalSection(ProjectConfigurationPlatforms) = postSolution
		{981E4A2A-124E-425C-81E6-6407D48834AD}.Debug|Any CPU.ActiveCfg = Debug|Any CPU
		{981E4A2A-124E-425C-81E6-6407D48834AD}.Debug|Any CPU.Build.0 = Debug|Any CPU
		{981E4A2A-124E-425C-81E6-6407D48834AD}.Release|Any CPU.ActiveCfg = Release|Any CPU
		{981E4A2A-124E-425C-81E6-6407D48834AD}.Release|Any CPU.Build.0 = Release|Any CPU
	EndGlobalSection
	GlobalSection(SolutionProperties) = preSolution
		HideSolutionNode = FALSE
	EndGlobalSection
	GlobalSection(ExtensibilityGlobals) = postSolution
		SolutionGuid = {3365E4CA-B1FD-40F8-B534-38C8055482F6}
	EndGlobalSection
EndGlobal
